Microsoft Visual Studio Solution File, Format Version 12.00
# Visual Studio Version 17
VisualStudioVersion = 17.13.35818.85
MinimumVisualStudioVersion = 10.0.40219.1
Project("{FAE04EC0-301F-11D3-BF4B-00C04F79EFBC}") = "BTM.AppHost", "BTM.AppHost\BTM.AppHost.csproj", "{5C5D7399-D159-481B-A676-7FEA6A21C34A}"
EndProject
Project("{FAE04EC0-301F-11D3-BF4B-00C04F79EFBC}") = "BTM.AccountService.ServiceDefaults", "BTM.ServiceDefaults\BTM.AccountService.ServiceDefaults.csproj", "{476870C2-A8B9-AEA3-D6BD-6F0605ED5578}"
EndProject
Project("{2150E333-8FDC-42A3-9474-1A3956D46DE8}") = "BTM.AccountService", "BTM.AccountService", "{02EA681E-C7D8-13C7-8484-4AC65E1B71E8}"
EndProject
Project("{2150E333-8FDC-42A3-9474-1A3956D46DE8}") = "src", "src", "{537E13E5-34E2-4A87-8782-258835FBCE63}"
EndProject
Project("{2150E333-8FDC-42A3-9474-1A3956D46DE8}") = "BTM.IdentityProvider", "BTM.IdentityProvider", "{9922DA20-9841-46AE-BAD4-13D811294045}"
EndProject
Project("{FAE04EC0-301F-11D3-BF4B-00C04F79EFBC}") = "BTM.IdentityProvider", "BTM.IdentityProvider\BTM.IdentityProvider\BTM.IdentityProvider.csproj", "{A99DC56F-DF00-D7BC-1864-B44388CF9136}"
EndProject
Project("{FAE04EC0-301F-11D3-BF4B-00C04F79EFBC}") = "BTM.AccountService.Api", "BTM.AccountService\src\BTM.AccountService.Api\BTM.AccountService.Api.csproj", "{31462963-C547-E7D1-36D1-D35FA342BFD4}"
EndProject
Project("{FAE04EC0-301F-11D3-BF4B-00C04F79EFBC}") = "BTM.AccountService.Tests", "BTM.AccountService\src\BTM.AccountService.Tests\BTM.AccountService.Tests.csproj", "{983F35A3-749B-4180-998A-ACE6807136C4}"
EndProject
Project("{FAE04EC0-301F-11D3-BF4B-00C04F79EFBC}") = "BTM.Account.Domain", "BTM.AccountService\src\BTM.Account.Domain\BTM.Account.Domain.csproj", "{C7F0D3CA-5FAE-49B6-60F1-7F04B070AD67}"
EndProject
Project("{FAE04EC0-301F-11D3-BF4B-00C04F79EFBC}") = "BTM.Account.Client", "BTM.AccountService\src\BTM.Account.Client\BTM.Account.Client.csproj", "{7AC65C15-6CFA-4B3F-FFFB-AA0D8B621EDD}"
EndProject
Project("{FAE04EC0-301F-11D3-BF4B-00C04F79EFBC}") = "BTM.Account.Shared", "BTM.AccountService\src\BTM.Account.Shared\BTM.Account.Shared.csproj", "{16CAD9A7-C9C0-C14C-0CF4-70FE635BA747}"
EndProject
Project("{FAE04EC0-301F-11D3-BF4B-00C04F79EFBC}") = "BTM.Account.Infrastructure", "BTM.AccountService\src\BTM.Account.Infrastructure\BTM.Account.Infrastructure.csproj", "{6DC9F47B-6437-EA7F-35C6-723EFEF0C1EF}"
EndProject
Global
	GlobalSection(SolutionConfigurationPlatforms) = preSolution
		Debug|Any CPU = Debug|Any CPU
		Release|Any CPU = Release|Any CPU
	EndGlobalSection
	GlobalSection(ProjectConfigurationPlatforms) = postSolution
		{5C5D7399-D159-481B-A676-7FEA6A21C34A}.Debug|Any CPU.ActiveCfg = Debug|Any CPU
		{5C5D7399-D159-481B-A676-7FEA6A21C34A}.Debug|Any CPU.Build.0 = Debug|Any CPU
		{5C5D7399-D159-481B-A676-7FEA6A21C34A}.Release|Any CPU.ActiveCfg = Release|Any CPU
		{5C5D7399-D159-481B-A676-7FEA6A21C34A}.Release|Any CPU.Build.0 = Release|Any CPU
		{476870C2-A8B9-AEA3-D6BD-6F0605ED5578}.Debug|Any CPU.ActiveCfg = Debug|Any CPU
		{476870C2-A8B9-AEA3-D6BD-6F0605ED5578}.Debug|Any CPU.Build.0 = Debug|Any CPU
		{476870C2-A8B9-AEA3-D6BD-6F0605ED5578}.Release|Any CPU.ActiveCfg = Release|Any CPU
		{476870C2-A8B9-AEA3-D6BD-6F0605ED5578}.Release|Any CPU.Build.0 = Release|Any CPU
		{A99DC56F-DF00-D7BC-1864-B44388CF9136}.Debug|Any CPU.ActiveCfg = Debug|Any CPU
		{A99DC56F-DF00-D7BC-1864-B44388CF9136}.Debug|Any CPU.Build.0 = Debug|Any CPU
		{A99DC56F-DF00-D7BC-1864-B44388CF9136}.Release|Any CPU.ActiveCfg = Release|Any CPU
		{A99DC56F-DF00-D7BC-1864-B44388CF9136}.Release|Any CPU.Build.0 = Release|Any CPU
		{31462963-C547-E7D1-36D1-D35FA342BFD4}.Debug|Any CPU.ActiveCfg = Debug|Any CPU
		{31462963-C547-E7D1-36D1-D35FA342BFD4}.Debug|Any CPU.Build.0 = Debug|Any CPU
		{31462963-C547-E7D1-36D1-D35FA342BFD4}.Release|Any CPU.ActiveCfg = Release|Any CPU
		{31462963-C547-E7D1-36D1-D35FA342BFD4}.Release|Any CPU.Build.0 = Release|Any CPU
		{983F35A3-749B-4180-998A-ACE6807136C4}.Debug|Any CPU.ActiveCfg = Debug|Any CPU
		{983F35A3-749B-4180-998A-ACE6807136C4}.Debug|Any CPU.Build.0 = Debug|Any CPU
		{983F35A3-749B-4180-998A-ACE6807136C4}.Release|Any CPU.ActiveCfg = Release|Any CPU
		{983F35A3-749B-4180-998A-ACE6807136C4}.Release|Any CPU.Build.0 = Release|Any CPU
		{C7F0D3CA-5FAE-49B6-60F1-7F04B070AD67}.Debug|Any CPU.ActiveCfg = Debug|Any CPU
		{C7F0D3CA-5FAE-49B6-60F1-7F04B070AD67}.Debug|Any CPU.Build.0 = Debug|Any CPU
		{C7F0D3CA-5FAE-49B6-60F1-7F04B070AD67}.Release|Any CPU.ActiveCfg = Release|Any CPU
		{C7F0D3CA-5FAE-49B6-60F1-7F04B070AD67}.Release|Any CPU.Build.0 = Release|Any CPU
		{7AC65C15-6CFA-4B3F-FFFB-AA0D8B621EDD}.Debug|Any CPU.ActiveCfg = Debug|Any CPU
		{7AC65C15-6CFA-4B3F-FFFB-AA0D8B621EDD}.Debug|Any CPU.Build.0 = Debug|Any CPU
		{7AC65C15-6CFA-4B3F-FFFB-AA0D8B621EDD}.Release|Any CPU.ActiveCfg = Release|Any CPU
		{7AC65C15-6CFA-4B3F-FFFB-AA0D8B621EDD}.Release|Any CPU.Build.0 = Release|Any CPU
		{16CAD9A7-C9C0-C14C-0CF4-70FE635BA747}.Debug|Any CPU.ActiveCfg = Debug|Any CPU
		{16CAD9A7-C9C0-C14C-0CF4-70FE635BA747}.Debug|Any CPU.Build.0 = Debug|Any CPU
		{16CAD9A7-C9C0-C14C-0CF4-70FE635BA747}.Release|Any CPU.ActiveCfg = Release|Any CPU
		{16CAD9A7-C9C0-C14C-0CF4-70FE635BA747}.Release|Any CPU.Build.0 = Release|Any CPU
		{6DC9F47B-6437-EA7F-35C6-723EFEF0C1EF}.Debug|Any CPU.ActiveCfg = Debug|Any CPU
		{6DC9F47B-6437-EA7F-35C6-723EFEF0C1EF}.Debug|Any CPU.Build.0 = Debug|Any CPU
		{6DC9F47B-6437-EA7F-35C6-723EFEF0C1EF}.Release|Any CPU.ActiveCfg = Release|Any CPU
		{6DC9F47B-6437-EA7F-35C6-723EFEF0C1EF}.Release|Any CPU.Build.0 = Release|Any CPU
	EndGlobalSection
	GlobalSection(SolutionProperties) = preSolution
		HideSolutionNode = FALSE
	EndGlobalSection
	GlobalSection(NestedProjects) = preSolution
		{5C5D7399-D159-481B-A676-7FEA6A21C34A} = {537E13E5-34E2-4A87-8782-258835FBCE63}
		{476870C2-A8B9-AEA3-D6BD-6F0605ED5578} = {537E13E5-34E2-4A87-8782-258835FBCE63}
		{02EA681E-C7D8-13C7-8484-4AC65E1B71E8} = {537E13E5-34E2-4A87-8782-258835FBCE63}
		{9922DA20-9841-46AE-BAD4-13D811294045} = {537E13E5-34E2-4A87-8782-258835FBCE63}
		{A99DC56F-DF00-D7BC-1864-B44388CF9136} = {9922DA20-9841-46AE-BAD4-13D811294045}
		{31462963-C547-E7D1-36D1-D35FA342BFD4} = {02EA681E-C7D8-13C7-8484-4AC65E1B71E8}
		{983F35A3-749B-4180-998A-ACE6807136C4} = {02EA681E-C7D8-13C7-8484-4AC65E1B71E8}
		{C7F0D3CA-5FAE-49B6-60F1-7F04B070AD67} = {02EA681E-C7D8-13C7-8484-4AC65E1B71E8}
		{7AC65C15-6CFA-4B3F-FFFB-AA0D8B621EDD} = {02EA681E-C7D8-13C7-8484-4AC65E1B71E8}
		{16CAD9A7-C9C0-C14C-0CF4-70FE635BA747} = {02EA681E-C7D8-13C7-8484-4AC65E1B71E8}
		{6DC9F47B-6437-EA7F-35C6-723EFEF0C1EF} = {02EA681E-C7D8-13C7-8484-4AC65E1B71E8}
	EndGlobalSection
	GlobalSection(ExtensibilityGlobals) = postSolution
		SolutionGuid = {B418570A-B794-4101-B270-BA22B49E2DEE}
	EndGlobalSection
EndGlobal
